{
  "requires": true,
  "lockfileVersion": 1,
  "dependencies": {
    "@types/brotli": {
      "version": "1.3.4",
      "resolved": "https://registry.npmjs.org/@types/brotli/-/brotli-1.3.4.tgz",
      "integrity": "sha512-cKYjgaS2DMdCKF7R0F5cgx1nfBYObN2ihIuPGQ4/dlIY6RpV7OWNwe9L8V4tTVKL2eZqOkNM9FM/rgTvLf4oXw==",
      "dev": true,
      "requires": {
        "@types/node": "*"
      }
    },
    "@types/cookie": {
      "version": "0.6.0",
      "resolved": "https://registry.npmjs.org/@types/cookie/-/cookie-0.6.0.tgz",
      "integrity": "sha512-4Kh9a6B2bQciAhf7FSuMRRkUWecJgJu9nPnx3yzpsfXX/c50REIqpHY4C82bXP90qrLtXtkDxTZosYO3UpOwlA==",
      "dev": true
    },
    "@types/ffmpeg": {
      "version": "1.0.7",
      "resolved": "https://registry.npmjs.org/@types/ffmpeg/-/ffmpeg-1.0.7.tgz",
      "integrity": "sha512-7Pw61IDG9Tj+gXGNshJ7JIM2fhDe0IrK7/F+b8midmsiljiugWKbW5KoNmhtZS3pPXWVfVHP3wOwquF/wbVxiw==",
      "dev": true
    },
    "@types/ffprobe": {
      "version": "1.1.8",
      "resolved": "https://registry.npmjs.org/@types/ffprobe/-/ffprobe-1.1.8.tgz",
      "integrity": "sha512-qPxx8Dy0HyH12hQCESN39NQOmU2Yl2b7tCyUhWy0l11HQv/8Yv7U+vcaveFXmXK8hcAP0oj29DPFuSM7vcC3Tg==",
      "dev": true
    },
    "@types/fluent-ffmpeg": {
      "version": "2.1.24",
      "resolved": "https://registry.npmjs.org/@types/fluent-ffmpeg/-/fluent-ffmpeg-2.1.24.tgz",
      "integrity": "sha512-g5oQO8Jgi2kFS3tTub7wLvfLztr1s8tdXmRd8PiL/hLMLzTIAyMR2sANkTggM/rdEDAg3d63nYRRVepwBiCw5A==",
      "dev": true,
      "requires": {
        "@types/node": "*"
      }
    },
    "@types/formidable": {
      "version": "3.4.5",
      "resolved": "https://registry.npmjs.org/@types/formidable/-/formidable-3.4.5.tgz",
      "integrity": "sha512-s7YPsNVfnsng5L8sKnG/Gbb2tiwwJTY1conOkJzTMRvJAlLFW1nEua+ADsJQu8N1c0oTHx9+d5nqg10WuT9gHQ==",
      "dev": true,
      "requires": {
        "@types/node": "*"
      }
    },
    "@types/js-md5": {
      "version": "0.7.2",
      "resolved": "https://registry.npmjs.org/@types/js-md5/-/js-md5-0.7.2.tgz",
      "integrity": "sha512-IwcFIov1JbiEToo3DgrVEwkMUR1BVlVyLjk245AzGHyyOlyddDFIeSIZO+WlhTortOa4P1PdCS8cDrTl7RW1HA==",
      "dev": true
    },
    "@types/node": {
      "version": "20.8.10",
      "resolved": "https://registry.npmjs.org/@types/node/-/node-20.8.10.tgz",
      "integrity": "sha512-TlgT8JntpcbmKUFzjhsyhGfP2fsiz1Mv56im6enJ905xG1DAYesxJaeSbGqQmAw8OWPdhyJGhGSQGKRNJ45u9w==",
      "dev": true,
      "requires": {
        "undici-types": "~5.26.4"
      }
    },
    "@types/page": {
      "version": "1.11.9",
      "resolved": "https://registry.npmjs.org/@types/page/-/page-1.11.9.tgz",
      "integrity": "sha512-Ki8IZMwg63i7+tF3UpfDIl4rwBN1B1kWQjZCUzaWoohfMB0m9CYap/dExbz7W21uS2WPoA/8lvlDuwX0X/YfIQ==",
      "dev": true
    },
    "@types/xmldoc": {
      "version": "1.1.9",
      "resolved": "https://registry.npmjs.org/@types/xmldoc/-/xmldoc-1.1.9.tgz",
      "integrity": "sha512-HLwIAudQ9xedPOK9rKd7gSHYzM5qtWOzae9z5tM7dRDR1hWeNlFSejfnxFMIv06mm2LmtX+pzVQ4GN86vf/b3g==",
      "dev": true
    },
    "types-registry": {
      "version": "0.1.685",
      "resolved": "https://registry.npmjs.org/types-registry/-/types-registry-0.1.685.tgz",
      "integrity": "sha512-dC3Nqu/q2Ey8Jj/YV0plEub0oycMiu3VaAf+tf8X5uhtiRS4iF1BubY5cra1LIaKr+fTblxQvoVAYIPeVj1A9g=="
    },
    "undici-types": {
      "version": "5.26.5",
      "resolved": "https://registry.npmjs.org/undici-types/-/undici-types-5.26.5.tgz",
      "integrity": "sha512-JlCMO+ehdEIKqlFxk6IfVoAUVmgz7cU7zD/h9XZ0qzeosSHmUJVOzSQvvYSYWXkFXC+IfLKSIffhv0sVZup6pA==",
      "dev": true
    }
  }
}
